// !$*UTF8*$!
{
	archiveVersion = 1;
	classes = {
	};
	objectVersion = 56;
	objects = {

/* Begin PBXBuildFile section */
		404860E72AD91112009AE64B /* MineSweeperApp.swift in Sources */ = {isa = PBXBuildFile; fileRef = 404860E62AD91112009AE64B /* MineSweeperApp.swift */; };
		404860E92AD91112009AE64B /* ContentView.swift in Sources */ = {isa = PBXBuildFile; fileRef = 404860E82AD91112009AE64B /* ContentView.swift */; };
		404860EB2AD91113009AE64B /* Assets.xcassets in Resources */ = {isa = PBXBuildFile; fileRef = 404860EA2AD91113009AE64B /* Assets.xcassets */; };
		404860EE2AD91113009AE64B /* Preview Assets.xcassets in Resources */ = {isa = PBXBuildFile; fileRef = 404860ED2AD91113009AE64B /* Preview Assets.xcassets */; };
		404860F82AD91113009AE64B /* MineSweeperTests.swift in Sources */ = {isa = PBXBuildFile; fileRef = 404860F72AD91113009AE64B /* MineSweeperTests.swift */; };
		404861022AD91113009AE64B /* MineSweeperUITests.swift in Sources */ = {isa = PBXBuildFile; fileRef = 404861012AD91113009AE64B /* MineSweeperUITests.swift */; };
		404861042AD91113009AE64B /* MineSweeperUITestsLaunchTests.swift in Sources */ = {isa = PBXBuildFile; fileRef = 404861032AD91113009AE64B /* MineSweeperUITestsLaunchTests.swift */; };
		404861122AD93065009AE64B /* MineCharacters.swift in Sources */ = {isa = PBXBuildFile; fileRef = 404861112AD93065009AE64B /* MineCharacters.swift */; };
		404861152AD93119009AE64B /* Constants.swift in Sources */ = {isa = PBXBuildFile; fileRef = 404861142AD93119009AE64B /* Constants.swift */; };
		404861172AD93277009AE64B /* Color.swift in Sources */ = {isa = PBXBuildFile; fileRef = 404861162AD93277009AE64B /* Color.swift */; };
		404861192ADE4893009AE64B /* MineSweeperCoreGame.swift in Sources */ = {isa = PBXBuildFile; fileRef = 404861182ADE4893009AE64B /* MineSweeperCoreGame.swift */; };
		4048611C2ADE5F6B009AE64B /* LostView.swift in Sources */ = {isa = PBXBuildFile; fileRef = 4048611B2ADE5F6B009AE64B /* LostView.swift */; };
		4048611E2ADE614D009AE64B /* ConfettiViewModifier.swift in Sources */ = {isa = PBXBuildFile; fileRef = 4048611D2ADE614D009AE64B /* ConfettiViewModifier.swift */; };
		404861202ADE668C009AE64B /* SuccessView.swift in Sources */ = {isa = PBXBuildFile; fileRef = 4048611F2ADE668C009AE64B /* SuccessView.swift */; };
		404861222ADE6828009AE64B /* MineSweeperGameView.swift in Sources */ = {isa = PBXBuildFile; fileRef = 404861212ADE6828009AE64B /* MineSweeperGameView.swift */; };
/* End PBXBuildFile section */

/* Begin PBXContainerItemProxy section */
		404860F42AD91113009AE64B /* PBXContainerItemProxy */ = {
			isa = PBXContainerItemProxy;
			containerPortal = 404860DB2AD91112009AE64B /* Project object */;
			proxyType = 1;
			remoteGlobalIDString = 404860E22AD91112009AE64B;
			remoteInfo = MineSweeper;
		};
		404860FE2AD91113009AE64B /* PBXContainerItemProxy */ = {
			isa = PBXContainerItemProxy;
			containerPortal = 404860DB2AD91112009AE64B /* Project object */;
			proxyType = 1;
			remoteGlobalIDString = 404860E22AD91112009AE64B;
			remoteInfo = MineSweeper;
		};
/* End PBXContainerItemProxy section */

/* Begin PBXFileReference section */
		404860E32AD91112009AE64B /* MineSweeper.app */ = {isa = PBXFileReference; explicitFileType = wrapper.application; includeInIndex = 0; path = MineSweeper.app; sourceTree = BUILT_PRODUCTS_DIR; };
		404860E62AD91112009AE64B /* MineSweeperApp.swift */ = {isa = PBXFileReference; lastKnownFileType = sourcecode.swift; path = MineSweeperApp.swift; sourceTree = "<group>"; };
		404860E82AD91112009AE64B /* ContentView.swift */ = {isa = PBXFileReference; lastKnownFileType = sourcecode.swift; path = ContentView.swift; sourceTree = "<group>"; };
		404860EA2AD91113009AE64B /* Assets.xcassets */ = {isa = PBXFileReference; lastKnownFileType = folder.assetcatalog; path = Assets.xcassets; sourceTree = "<group>"; };
		404860ED2AD91113009AE64B /* Preview Assets.xcassets */ = {isa = PBXFileReference; lastKnownFileType = folder.assetcatalog; path = "Preview Assets.xcassets"; sourceTree = "<group>"; };
		404860F32AD91113009AE64B /* MineSweeperTests.xctest */ = {isa = PBXFileReference; explicitFileType = wrapper.cfbundle; includeInIndex = 0; path = MineSweeperTests.xctest; sourceTree = BUILT_PRODUCTS_DIR; };
		404860F72AD91113009AE64B /* MineSweeperTests.swift */ = {isa = PBXFileReference; lastKnownFileType = sourcecode.swift; path = MineSweeperTests.swift; sourceTree = "<group>"; };
		404860FD2AD91113009AE64B /* MineSweeperUITests.xctest */ = {isa = PBXFileReference; explicitFileType = wrapper.cfbundle; includeInIndex = 0; path = MineSweeperUITests.xctest; sourceTree = BUILT_PRODUCTS_DIR; };
		404861012AD91113009AE64B /* MineSweeperUITests.swift */ = {isa = PBXFileReference; lastKnownFileType = sourcecode.swift; path = MineSweeperUITests.swift; sourceTree = "<group>"; };
		404861032AD91113009AE64B /* MineSweeperUITestsLaunchTests.swift */ = {isa = PBXFileReference; lastKnownFileType = sourcecode.swift; path = MineSweeperUITestsLaunchTests.swift; sourceTree = "<group>"; };
		404861112AD93065009AE64B /* MineCharacters.swift */ = {isa = PBXFileReference; lastKnownFileType = sourcecode.swift; path = MineCharacters.swift; sourceTree = "<group>"; };
		404861142AD93119009AE64B /* Constants.swift */ = {isa = PBXFileReference; lastKnownFileType = sourcecode.swift; path = Constants.swift; sourceTree = "<group>"; };
		404861162AD93277009AE64B /* Color.swift */ = {isa = PBXFileReference; lastKnownFileType = sourcecode.swift; path = Color.swift; sourceTree = "<group>"; };
		404861182ADE4893009AE64B /* MineSweeperCoreGame.swift */ = {isa = PBXFileReference; lastKnownFileType = sourcecode.swift; path = MineSweeperCoreGame.swift; sourceTree = "<group>"; };
		4048611B2ADE5F6B009AE64B /* LostView.swift */ = {isa = PBXFileReference; lastKnownFileType = sourcecode.swift; path = LostView.swift; sourceTree = "<group>"; };
		4048611D2ADE614D009AE64B /* ConfettiViewModifier.swift */ = {isa = PBXFileReference; lastKnownFileType = sourcecode.swift; path = ConfettiViewModifier.swift; sourceTree = "<group>"; };
		4048611F2ADE668C009AE64B /* SuccessView.swift */ = {isa = PBXFileReference; lastKnownFileType = sourcecode.swift; path = SuccessView.swift; sourceTree = "<group>"; };
		404861212ADE6828009AE64B /* MineSweeperGameView.swift */ = {isa = PBXFileReference; lastKnownFileType = sourcecode.swift; path = MineSweeperGameView.swift; sourceTree = "<group>"; };
/* End PBXFileReference section */

/* Begin PBXFrameworksBuildPhase section */
		404860E02AD91112009AE64B /* Frameworks */ = {
			isa = PBXFrameworksBuildPhase;
			buildActionMask = 2147483647;
			files = (
			);
			runOnlyForDeploymentPostprocessing = 0;
		};
		404860F02AD91113009AE64B /* Frameworks */ = {
			isa = PBXFrameworksBuildPhase;
			buildActionMask = 2147483647;
			files = (
			);
			runOnlyForDeploymentPostprocessing = 0;
		};
		404860FA2AD91113009AE64B /* Frameworks */ = {
			isa = PBXFrameworksBuildPhase;
			buildActionMask = 2147483647;
			files = (
			);
			runOnlyForDeploymentPostprocessing = 0;
		};
/* End PBXFrameworksBuildPhase section */

/* Begin PBXGroup section */
		404860DA2AD91112009AE64B = {
			isa = PBXGroup;
			children = (
				404860E52AD91112009AE64B /* MineSweeper */,
				404860F62AD91113009AE64B /* MineSweeperTests */,
				404861002AD91113009AE64B /* MineSweeperUITests */,
				404860E42AD91112009AE64B /* Products */,
			);
			sourceTree = "<group>";
		};
		404860E42AD91112009AE64B /* Products */ = {
			isa = PBXGroup;
			children = (
				404860E32AD91112009AE64B /* MineSweeper.app */,
				404860F32AD91113009AE64B /* MineSweeperTests.xctest */,
				404860FD2AD91113009AE64B /* MineSweeperUITests.xctest */,
			);
			name = Products;
			sourceTree = "<group>";
		};
		404860E52AD91112009AE64B /* MineSweeper */ = {
			isa = PBXGroup;
			children = (
				4048611A2ADE5F5E009AE64B /* View */,
				404861132AD9310A009AE64B /* Utils */,
				404861102AD93040009AE64B /* Model */,
				404860E62AD91112009AE64B /* MineSweeperApp.swift */,
				404860E82AD91112009AE64B /* ContentView.swift */,
				404860EA2AD91113009AE64B /* Assets.xcassets */,
				404860EC2AD91113009AE64B /* Preview Content */,
			);
			path = MineSweeper;
			sourceTree = "<group>";
		};
		404860EC2AD91113009AE64B /* Preview Content */ = {
			isa = PBXGroup;
			children = (
				404860ED2AD91113009AE64B /* Preview Assets.xcassets */,
			);
			path = "Preview Content";
			sourceTree = "<group>";
		};
		404860F62AD91113009AE64B /* MineSweeperTests */ = {
			isa = PBXGroup;
			children = (
				404860F72AD91113009AE64B /* MineSweeperTests.swift */,
			);
			path = MineSweeperTests;
			sourceTree = "<group>";
		};
		404861002AD91113009AE64B /* MineSweeperUITests */ = {
			isa = PBXGroup;
			children = (
				404861012AD91113009AE64B /* MineSweeperUITests.swift */,
				404861032AD91113009AE64B /* MineSweeperUITestsLaunchTests.swift */,
			);
			path = MineSweeperUITests;
			sourceTree = "<group>";
		};
		404861102AD93040009AE64B /* Model */ = {
			isa = PBXGroup;
			children = (
				404861112AD93065009AE64B /* MineCharacters.swift */,
				404861182ADE4893009AE64B /* MineSweeperCoreGame.swift */,
			);
			path = Model;
			sourceTree = "<group>";
		};
		404861132AD9310A009AE64B /* Utils */ = {
			isa = PBXGroup;
			children = (
				404861142AD93119009AE64B /* Constants.swift */,
				404861162AD93277009AE64B /* Color.swift */,
			);
			path = Utils;
			sourceTree = "<group>";
		};
		4048611A2ADE5F5E009AE64B /* View */ = {
			isa = PBXGroup;
			children = (
				4048611B2ADE5F6B009AE64B /* LostView.swift */,
				4048611F2ADE668C009AE64B /* SuccessView.swift */,
				4048611D2ADE614D009AE64B /* ConfettiViewModifier.swift */,
				404861212ADE6828009AE64B /* MineSweeperGameView.swift */,
			);
			path = View;
			sourceTree = "<group>";
		};
/* End PBXGroup section */

/* Begin PBXNativeTarget section */
		404860E22AD91112009AE64B /* MineSweeper */ = {
			isa = PBXNativeTarget;
			buildConfigurationList = 404861072AD91113009AE64B /* Build configuration list for PBXNativeTarget "MineSweeper" */;
			buildPhases = (
				404860DF2AD91112009AE64B /* Sources */,
				404860E02AD91112009AE64B /* Frameworks */,
				404860E12AD91112009AE64B /* Resources */,
			);
			buildRules = (
			);
			dependencies = (
			);
			name = MineSweeper;
			productName = MineSweeper;
			productReference = 404860E32AD91112009AE64B /* MineSweeper.app */;
			productType = "com.apple.product-type.application";
		};
		404860F22AD91113009AE64B /* MineSweeperTests */ = {
			isa = PBXNativeTarget;
			buildConfigurationList = 4048610A2AD91113009AE64B /* Build configuration list for PBXNativeTarget "MineSweeperTests" */;
			buildPhases = (
				404860EF2AD91113009AE64B /* Sources */,
				404860F02AD91113009AE64B /* Frameworks */,
				404860F12AD91113009AE64B /* Resources */,
			);
			buildRules = (
			);
			dependencies = (
				404860F52AD91113009AE64B /* PBXTargetDependency */,
			);
			name = MineSweeperTests;
			productName = MineSweeperTests;
			productReference = 404860F32AD91113009AE64B /* MineSweeperTests.xctest */;
			productType = "com.apple.product-type.bundle.unit-test";
		};
		404860FC2AD91113009AE64B /* MineSweeperUITests */ = {
			isa = PBXNativeTarget;
			buildConfigurationList = 4048610D2AD91113009AE64B /* Build configuration list for PBXNativeTarget "MineSweeperUITests" */;
			buildPhases = (
				404860F92AD91113009AE64B /* Sources */,
				404860FA2AD91113009AE64B /* Frameworks */,
				404860FB2AD91113009AE64B /* Resources */,
			);
			buildRules = (
			);
			dependencies = (
				404860FF2AD91113009AE64B /* PBXTargetDependency */,
			);
			name = MineSweeperUITests;
			productName = MineSweeperUITests;
			productReference = 404860FD2AD91113009AE64B /* MineSweeperUITests.xctest */;
			productType = "com.apple.product-type.bundle.ui-testing";
		};
/* End PBXNativeTarget section */

/* Begin PBXProject section */
		404860DB2AD91112009AE64B /* Project object */ = {
			isa = PBXProject;
			attributes = {
				BuildIndependentTargetsInParallel = 1;
				LastSwiftUpdateCheck = 1430;
				LastUpgradeCheck = 1430;
				TargetAttributes = {
					404860E22AD91112009AE64B = {
						CreatedOnToolsVersion = 14.3.1;
					};
					404860F22AD91113009AE64B = {
						CreatedOnToolsVersion = 14.3.1;
						TestTargetID = 404860E22AD91112009AE64B;
					};
					404860FC2AD91113009AE64B = {
						CreatedOnToolsVersion = 14.3.1;
						TestTargetID = 404860E22AD91112009AE64B;
					};
				};
			};
			buildConfigurationList = 404860DE2AD91112009AE64B /* Build configuration list for PBXProject "MineSweeper" */;
			compatibilityVersion = "Xcode 14.0";
			developmentRegion = en;
			hasScannedForEncodings = 0;
			knownRegions = (
				en,
				Base,
			);
			mainGroup = 404860DA2AD91112009AE64B;
			productRefGroup = 404860E42AD91112009AE64B /* Products */;
			projectDirPath = "";
			projectRoot = "";
			targets = (
				404860E22AD91112009AE64B /* MineSweeper */,
				404860F22AD91113009AE64B /* MineSweeperTests */,
				404860FC2AD91113009AE64B /* MineSweeperUITests */,
			);
		};
/* End PBXProject section */

/* Begin PBXResourcesBuildPhase section */
		404860E12AD91112009AE64B /* Resources */ = {
			isa = PBXResourcesBuildPhase;
			buildActionMask = 2147483647;
			files = (
				404860EE2AD91113009AE64B /* Preview Assets.xcassets in Resources */,
				404860EB2AD91113009AE64B /* Assets.xcassets in Resources */,
			);
			runOnlyForDeploymentPostprocessing = 0;
		};
		404860F12AD91113009AE64B /* Resources */ = {
			isa = PBXResourcesBuildPhase;
			buildActionMask = 2147483647;
			files = (
			);
			runOnlyForDeploymentPostprocessing = 0;
		};
		404860FB2AD91113009AE64B /* Resources */ = {
			isa = PBXResourcesBuildPhase;
			buildActionMask = 2147483647;
			files = (
			);
			runOnlyForDeploymentPostprocessing = 0;
		};
/* End PBXResourcesBuildPhase section */

/* Begin PBXSourcesBuildPhase section */
		404860DF2AD91112009AE64B /* Sources */ = {
			isa = PBXSourcesBuildPhase;
			buildActionMask = 2147483647;
			files = (
				404860E92AD91112009AE64B /* ContentView.swift in Sources */,
				404861122AD93065009AE64B /* MineCharacters.swift in Sources */,
				404860E72AD91112009AE64B /* MineSweeperApp.swift in Sources */,
				4048611E2ADE614D009AE64B /* ConfettiViewModifier.swift in Sources */,
				404861202ADE668C009AE64B /* SuccessView.swift in Sources */,
				404861222ADE6828009AE64B /* MineSweeperGameView.swift in Sources */,
				404861192ADE4893009AE64B /* MineSweeperCoreGame.swift in Sources */,
				4048611C2ADE5F6B009AE64B /* LostView.swift in Sources */,
				404861172AD93277009AE64B /* Color.swift in Sources */,
				404861152AD93119009AE64B /* Constants.swift in Sources */,
			);
			runOnlyForDeploymentPostprocessing = 0;
		};
		404860EF2AD91113009AE64B /* Sources */ = {
			isa = PBXSourcesBuildPhase;
			buildActionMask = 2147483647;
			files = (
				404860F82AD91113009AE64B /* MineSweeperTests.swift in Sources */,
			);
			runOnlyForDeploymentPostprocessing = 0;
		};
		404860F92AD91113009AE64B /* Sources */ = {
			isa = PBXSourcesBuildPhase;
			buildActionMask = 2147483647;
			files = (
				404861022AD91113009AE64B /* MineSweeperUITests.swift in Sources */,
				404861042AD91113009AE64B /* MineSweeperUITestsLaunchTests.swift in Sources */,
			);
			runOnlyForDeploymentPostprocessing = 0;
		};
/* End PBXSourcesBuildPhase section */

/* Begin PBXTargetDependency section */
		404860F52AD91113009AE64B /* PBXTargetDependency */ = {
			isa = PBXTargetDependency;
			target = 404860E22AD91112009AE64B /* MineSweeper */;
			targetProxy = 404860F42AD91113009AE64B /* PBXContainerItemProxy */;
		};
		404860FF2AD91113009AE64B /* PBXTargetDependency */ = {
			isa = PBXTargetDependency;
			target = 404860E22AD91112009AE64B /* MineSweeper */;
			targetProxy = 404860FE2AD91113009AE64B /* PBXContainerItemProxy */;
		};
/* End PBXTargetDependency section */

/* Begin XCBuildConfiguration section */
		404861052AD91113009AE64B /* Debug */ = {
			isa = XCBuildConfiguration;
			buildSettings = {
				ALWAYS_SEARCH_USER_PATHS = NO;
				CLANG_ANALYZER_NONNULL = YES;
				CLANG_ANALYZER_NUMBER_OBJECT_CONVERSION = YES_AGGRESSIVE;
				CLANG_CXX_LANGUAGE_STANDARD = "gnu++20";
				CLANG_ENABLE_MODULES = YES;
				CLANG_ENABLE_OBJC_ARC = YES;
				CLANG_ENABLE_OBJC_WEAK = YES;
				CLANG_WARN_BLOCK_CAPTURE_AUTORELEASING = YES;
				CLANG_WARN_BOOL_CONVERSION = YES;
				CLANG_WARN_COMMA = YES;
				CLANG_WARN_CONSTANT_CONVERSION = YES;
				CLANG_WARN_DEPRECATED_OBJC_IMPLEMENTATIONS = YES;
				CLANG_WARN_DIRECT_OBJC_ISA_USAGE = YES_ERROR;
				CLANG_WARN_DOCUMENTATION_COMMENTS = YES;
				CLANG_WARN_EMPTY_BODY = YES;
				CLANG_WARN_ENUM_CONVERSION = YES;
				CLANG_WARN_INFINITE_RECURSION = YES;
				CLANG_WARN_INT_CONVERSION = YES;
				CLANG_WARN_NON_LITERAL_NULL_CONVERSION = YES;
				CLANG_WARN_OBJC_IMPLICIT_RETAIN_SELF = YES;
				CLANG_WARN_OBJC_LITERAL_CONVERSION = YES;
				CLANG_WARN_OBJC_ROOT_CLASS = YES_ERROR;
				CLANG_WARN_QUOTED_INCLUDE_IN_FRAMEWORK_HEADER = YES;
				CLANG_WARN_RANGE_LOOP_ANALYSIS = YES;
				CLANG_WARN_STRICT_PROTOTYPES = YES;
				CLANG_WARN_SUSPICIOUS_MOVE = YES;
				CLANG_WARN_UNGUARDED_AVAILABILITY = YES_AGGRESSIVE;
				CLANG_WARN_UNREACHABLE_CODE = YES;
				CLANG_WARN__DUPLICATE_METHOD_MATCH = YES;
				COPY_PHASE_STRIP = NO;
				DEBUG_INFORMATION_FORMAT = dwarf;
				ENABLE_STRICT_OBJC_MSGSEND = YES;
				ENABLE_TESTABILITY = YES;
				GCC_C_LANGUAGE_STANDARD = gnu11;
				GCC_DYNAMIC_NO_PIC = NO;
				GCC_NO_COMMON_BLOCKS = YES;
				GCC_OPTIMIZATION_LEVEL = 0;
				GCC_PREPROCESSOR_DEFINITIONS = (
					"DEBUG=1",
					"$(inherited)",
				);
				GCC_WARN_64_TO_32_BIT_CONVERSION = YES;
				GCC_WARN_ABOUT_RETURN_TYPE = YES_ERROR;
				GCC_WARN_UNDECLARED_SELECTOR = YES;
				GCC_WARN_UNINITIALIZED_AUTOS = YES_AGGRESSIVE;
				GCC_WARN_UNUSED_FUNCTION = YES;
				GCC_WARN_UNUSED_VARIABLE = YES;
				IPHONEOS_DEPLOYMENT_TARGET = 16.4;
				MTL_ENABLE_DEBUG_INFO = INCLUDE_SOURCE;
				MTL_FAST_MATH = YES;
				ONLY_ACTIVE_ARCH = YES;
				SDKROOT = iphoneos;
				SWIFT_ACTIVE_COMPILATION_CONDITIONS = DEBUG;
				SWIFT_OPTIMIZATION_LEVEL = "-Onone";
			};
			name = Debug;
		};
		404861062AD91113009AE64B /* Release */ = {
			isa = XCBuildConfiguration;
			buildSettings = {
				ALWAYS_SEARCH_USER_PATHS = NO;
				CLANG_ANALYZER_NONNULL = YES;
				CLANG_ANALYZER_NUMBER_OBJECT_CONVERSION = YES_AGGRESSIVE;
				CLANG_CXX_LANGUAGE_STANDARD = "gnu++20";
				CLANG_ENABLE_MODULES = YES;
				CLANG_ENABLE_OBJC_ARC = YES;
				CLANG_ENABLE_OBJC_WEAK = YES;
				CLANG_WARN_BLOCK_CAPTURE_AUTORELEASING = YES;
				CLANG_WARN_BOOL_CONVERSION = YES;
				CLANG_WARN_COMMA = YES;
				CLANG_WARN_CONSTANT_CONVERSION = YES;
				CLANG_WARN_DEPRECATED_OBJC_IMPLEMENTATIONS = YES;
				CLANG_WARN_DIRECT_OBJC_ISA_USAGE = YES_ERROR;
				CLANG_WARN_DOCUMENTATION_COMMENTS = YES;
				CLANG_WARN_EMPTY_BODY = YES;
				CLANG_WARN_ENUM_CONVERSION = YES;
				CLANG_WARN_INFINITE_RECURSION = YES;
				CLANG_WARN_INT_CONVERSION = YES;
				CLANG_WARN_NON_LITERAL_NULL_CONVERSION = YES;
				CLANG_WARN_OBJC_IMPLICIT_RETAIN_SELF = YES;
				CLANG_WARN_OBJC_LITERAL_CONVERSION = YES;
				CLANG_WARN_OBJC_ROOT_CLASS = YES_ERROR;
				CLANG_WARN_QUOTED_INCLUDE_IN_FRAMEWORK_HEADER = YES;
				CLANG_WARN_RANGE_LOOP_ANALYSIS = YES;
				CLANG_WARN_STRICT_PROTOTYPES = YES;
				CLANG_WARN_SUSPICIOUS_MOVE = YES;
				CLANG_WARN_UNGUARDED_AVAILABILITY = YES_AGGRESSIVE;
				CLANG_WARN_UNREACHABLE_CODE = YES;
				CLANG_WARN__DUPLICATE_METHOD_MATCH = YES;
				COPY_PHASE_STRIP = NO;
				DEBUG_INFORMATION_FORMAT = "dwarf-with-dsym";
				ENABLE_NS_ASSERTIONS = NO;
				ENABLE_STRICT_OBJC_MSGSEND = YES;
				GCC_C_LANGUAGE_STANDARD = gnu11;
				GCC_NO_COMMON_BLOCKS = YES;
				GCC_WARN_64_TO_32_BIT_CONVERSION = YES;
				GCC_WARN_ABOUT_RETURN_TYPE = YES_ERROR;
				GCC_WARN_UNDECLARED_SELECTOR = YES;
				GCC_WARN_UNINITIALIZED_AUTOS = YES_AGGRESSIVE;
				GCC_WARN_UNUSED_FUNCTION = YES;
				GCC_WARN_UNUSED_VARIABLE = YES;
				IPHONEOS_DEPLOYMENT_TARGET = 16.4;
				MTL_ENABLE_DEBUG_INFO = NO;
				MTL_FAST_MATH = YES;
				SDKROOT = iphoneos;
				SWIFT_COMPILATION_MODE = wholemodule;
				SWIFT_OPTIMIZATION_LEVEL = "-O";
				VALIDATE_PRODUCT = YES;
			};
			name = Release;
		};
		404861082AD91113009AE64B /* Debug */ = {
			isa = XCBuildConfiguration;
			buildSettings = {
				ASSETCATALOG_COMPILER_APPICON_NAME = AppIcon;
				ASSETCATALOG_COMPILER_GLOBAL_ACCENT_COLOR_NAME = AccentColor;
				CODE_SIGN_STYLE = Automatic;
				CURRENT_PROJECT_VERSION = 1;
				DEVELOPMENT_ASSET_PATHS = "\"MineSweeper/Preview Content\"";
				ENABLE_PREVIEWS = YES;
				GENERATE_INFOPLIST_FILE = YES;
				INFOPLIST_KEY_UIApplicationSceneManifest_Generation = YES;
				INFOPLIST_KEY_UIApplicationSupportsIndirectInputEvents = YES;
				INFOPLIST_KEY_UILaunchScreen_Generation = YES;
				INFOPLIST_KEY_UISupportedInterfaceOrientations_iPad = "UIInterfaceOrientationPortrait UIInterfaceOrientationPortraitUpsideDown UIInterfaceOrientationLandscapeLeft UIInterfaceOrientationLandscapeRight";
				INFOPLIST_KEY_UISupportedInterfaceOrientations_iPhone = "UIInterfaceOrientationPortrait UIInterfaceOrientationLandscapeLeft UIInterfaceOrientationLandscapeRight";
				LD_RUNPATH_SEARCH_PATHS = (
					"$(inherited)",
					"@executable_path/Frameworks",
				);
				MARKETING_VERSION = 1.0;
				PRODUCT_BUNDLE_IDENTIFIER = com.anita.agrawal.MineSweeper;
				PRODUCT_NAME = "$(TARGET_NAME)";
				SWIFT_EMIT_LOC_STRINGS = YES;
				SWIFT_VERSION = 5.0;
				TARGETED_DEVICE_FAMILY = "1,2";
			};
			name = Debug;
		};
		404861092AD91113009AE64B /* Release */ = {
			isa = XCBuildConfiguration;
			buildSettings = {
				ASSETCATALOG_COMPILER_APPICON_NAME = AppIcon;
				ASSETCATALOG_COMPILER_GLOBAL_ACCENT_COLOR_NAME = AccentColor;
				CODE_SIGN_STYLE = Automatic;
				CURRENT_PROJECT_VERSION = 1;
				DEVELOPMENT_ASSET_PATHS = "\"MineSweeper/Preview Content\"";
				ENABLE_PREVIEWS = YES;
				GENERATE_INFOPLIST_FILE = YES;
				INFOPLIST_KEY_UIApplicationSceneManifest_Generation = YES;
				INFOPLIST_KEY_UIApplicationSupportsIndirectInputEvents = YES;
				INFOPLIST_KEY_UILaunchScreen_Generation = YES;
				INFOPLIST_KEY_UISupportedInterfaceOrientations_iPad = "UIInterfaceOrientationPortrait UIInterfaceOrientationPortraitUpsideDown UIInterfaceOrientationLandscapeLeft UIInterfaceOrientationLandscapeRight";
				INFOPLIST_KEY_UISupportedInterfaceOrientations_iPhone = "UIInterfaceOrientationPortrait UIInterfaceOrientationLandscapeLeft UIInterfaceOrientationLandscapeRight";
				LD_RUNPATH_SEARCH_PATHS = (
					"$(inherited)",
					"@executable_path/Frameworks",
				);
				MARKETING_VERSION = 1.0;
				PRODUCT_BUNDLE_IDENTIFIER = com.anita.agrawal.MineSweeper;
				PRODUCT_NAME = "$(TARGET_NAME)";
				SWIFT_EMIT_LOC_STRINGS = YES;
				SWIFT_VERSION = 5.0;
				TARGETED_DEVICE_FAMILY = "1,2";
			};
			name = Release;
		};
		4048610B2AD91113009AE64B /* Debug */ = {
			isa = XCBuildConfiguration;
			buildSettings = {
				ALWAYS_EMBED_SWIFT_STANDARD_LIBRARIES = YES;
				BUNDLE_LOADER = "$(TEST_HOST)";
				CODE_SIGN_STYLE = Automatic;
				CURRENT_PROJECT_VERSION = 1;
				GENERATE_INFOPLIST_FILE = YES;
				IPHONEOS_DEPLOYMENT_TARGET = 16.4;
				MARKETING_VERSION = 1.0;
				PRODUCT_BUNDLE_IDENTIFIER = com.anita.agrawal.MineSweeperTests;
				PRODUCT_NAME = "$(TARGET_NAME)";
				SWIFT_EMIT_LOC_STRINGS = NO;
				SWIFT_VERSION = 5.0;
				TARGETED_DEVICE_FAMILY = "1,2";
				TEST_HOST = "$(BUILT_PRODUCTS_DIR)/MineSweeper.app/$(BUNDLE_EXECUTABLE_FOLDER_PATH)/MineSweeper";
			};
			name = Debug;
		};
		4048610C2AD91113009AE64B /* Release */ = {
			isa = XCBuildConfiguration;
			buildSettings = {
				ALWAYS_EMBED_SWIFT_STANDARD_LIBRARIES = YES;
				BUNDLE_LOADER = "$(TEST_HOST)";
				CODE_SIGN_STYLE = Automatic;
				CURRENT_PROJECT_VERSION = 1;
				GENERATE_INFOPLIST_FILE = YES;
				IPHONEOS_DEPLOYMENT_TARGET = 16.4;
				MARKETING_VERSION = 1.0;
				PRODUCT_BUNDLE_IDENTIFIER = com.anita.agrawal.MineSweeperTests;
				PRODUCT_NAME = "$(TARGET_NAME)";
				SWIFT_EMIT_LOC_STRINGS = NO;
				SWIFT_VERSION = 5.0;
				TARGETED_DEVICE_FAMILY = "1,2";
				TEST_HOST = "$(BUILT_PRODUCTS_DIR)/MineSweeper.app/$(BUNDLE_EXECUTABLE_FOLDER_PATH)/MineSweeper";
			};
			name = Release;
		};
		4048610E2AD91113009AE64B /* Debug */ = {
			isa = XCBuildConfiguration;
			buildSettings = {
				ALWAYS_EMBED_SWIFT_STANDARD_LIBRARIES = YES;
				CODE_SIGN_STYLE = Automatic;
				CURRENT_PROJECT_VERSION = 1;
				GENERATE_INFOPLIST_FILE = YES;
				MARKETING_VERSION = 1.0;
				PRODUCT_BUNDLE_IDENTIFIER = com.anita.agrawal.MineSweeperUITests;
				PRODUCT_NAME = "$(TARGET_NAME)";
				SWIFT_EMIT_LOC_STRINGS = NO;
				SWIFT_VERSION = 5.0;
				TARGETED_DEVICE_FAMILY = "1,2";
				TEST_TARGET_NAME = MineSweeper;
			};
			name = Debug;
		};
		4048610F2AD91113009AE64B /* Release */ = {
			isa = XCBuildConfiguration;
			buildSettings = {
				ALWAYS_EMBED_SWIFT_STANDARD_LIBRARIES = YES;
				CODE_SIGN_STYLE = Automatic;
				CURRENT_PROJECT_VERSION = 1;
				GENERATE_INFOPLIST_FILE = YES;
				MARKETING_VERSION = 1.0;
				PRODUCT_BUNDLE_IDENTIFIER = com.anita.agrawal.MineSweeperUITests;
				PRODUCT_NAME = "$(TARGET_NAME)";
				SWIFT_EMIT_LOC_STRINGS = NO;
				SWIFT_VERSION = 5.0;
				TARGETED_DEVICE_FAMILY = "1,2";
				TEST_TARGET_NAME = MineSweeper;
			};
			name = Release;
		};
/* End XCBuildConfiguration section */

/* Begin XCConfigurationList section */
		404860DE2AD91112009AE64B /* Build configuration list for PBXProject "MineSweeper" */ = {
			isa = XCConfigurationList;
			buildConfigurations = (
				404861052AD91113009AE64B /* Debug */,
				404861062AD91113009AE64B /* Release */,
			);
			defaultConfigurationIsVisible = 0;
			defaultConfigurationName = Release;
		};
		404861072AD91113009AE64B /* Build configuration list for PBXNativeTarget "MineSweeper" */ = {
			isa = XCConfigurationList;
			buildConfigurations = (
				404861082AD91113009AE64B /* Debug */,
				404861092AD91113009AE64B /* Release */,
			);
			defaultConfigurationIsVisible = 0;
			defaultConfigurationName = Release;
		};
		4048610A2AD91113009AE64B /* Build configuration list for PBXNativeTarget "MineSweeperTests" */ = {
			isa = XCConfigurationList;
			buildConfigurations = (
				4048610B2AD91113009AE64B /* Debug */,
				4048610C2AD91113009AE64B /* Release */,
			);
			defaultConfigurationIsVisible = 0;
			defaultConfigurationName = Release;
		};
		4048610D2AD91113009AE64B /* Build configuration list for PBXNativeTarget "MineSweeperUITests" */ = {
			isa = XCConfigurationList;
			buildConfigurations = (
				4048610E2AD91113009AE64B /* Debug */,
				4048610F2AD91113009AE64B /* Release */,
			);
			defaultConfigurationIsVisible = 0;
			defaultConfigurationName = Release;
		};
/* End XCConfigurationList section */
	};
	rootObject = 404860DB2AD91112009AE64B /* Project object */;
}
